{
  "pins" : [
    {
      "identity" : "swiftbicycle",
      "kind" : "remoteSourceControl",
      "location" : "https://github.com/spheresoftinc/SwiftBicycle",
      "state" : {
        "branch" : "main",
        "revision" : "8ad68eab6a046cb7a4dd578dde4d8063df9c32c7"
      }
    }
  ],
  "version" : 2
}
